
Microsoft Visual Studio Solution File, Format Version 12.00
# Visual Studio 2013
VisualStudioVersion = 12.0.31101.0
MinimumVisualStudioVersion = 10.0.40219.1
Project("{FAE04EC0-301F-11D3-BF4B-00C04F79EFBC}") = "TestTranslation", "TestTranslation\TestTranslation.csproj", "{324A40F9-6D52-400A-B53F-5D1D61F8F11B}"
EndProject
Project("{FAE04EC0-301F-11D3-BF4B-00C04F79EFBC}") = "BlenderSharpTranslation", "BlenderSharpTranslation\BlenderSharpTranslation.csproj", "{69A3FEE5-8511-4AC8-91FE-2FFFB64C0A51}"
EndProject
Global
	GlobalSection(SolutionConfigurationPlatforms) = preSolution
		Debug|Any CPU = Debug|Any CPU
		Release|Any CPU = Release|Any CPU
	EndGlobalSection
	GlobalSection(ProjectConfigurationPlatforms) = postSolution
		{324A40F9-6D52-400A-B53F-5D1D61F8F11B}.Debug|Any CPU.ActiveCfg = Debug|Any CPU
		{324A40F9-6D52-400A-B53F-5D1D61F8F11B}.Debug|Any CPU.Build.0 = Debug|Any CPU
		{324A40F9-6D52-400A-B53F-5D1D61F8F11B}.Release|Any CPU.ActiveCfg = Release|Any CPU
		{324A40F9-6D52-400A-B53F-5D1D61F8F11B}.Release|Any CPU.Build.0 = Release|Any CPU
		{69A3FEE5-8511-4AC8-91FE-2FFFB64C0A51}.Debug|Any CPU.ActiveCfg = Debug|Any CPU
		{69A3FEE5-8511-4AC8-91FE-2FFFB64C0A51}.Debug|Any CPU.Build.0 = Debug|Any CPU
		{69A3FEE5-8511-4AC8-91FE-2FFFB64C0A51}.Release|Any CPU.ActiveCfg = Release|Any CPU
		{69A3FEE5-8511-4AC8-91FE-2FFFB64C0A51}.Release|Any CPU.Build.0 = Release|Any CPU
	EndGlobalSection
	GlobalSection(SolutionProperties) = preSolution
		HideSolutionNode = FALSE
	EndGlobalSection
EndGlobal
